{
  "name": "confusion",
  "version": "1.0.0",
  "lockfileVersion": 1,
  "requires": true,
  "dependencies": {
    "bootstrap": {
      "version": "4.0.0",
      "resolved": "https://registry.npmjs.org/bootstrap/-/bootstrap-4.0.0.tgz",
      "integrity": "sha512-gulJE5dGFo6Q61V/whS6VM4WIyrlydXfCgkE+Gxe5hjrJ8rXLLZlALq7zq2RPhOc45PSwQpJkrTnc2KgD6cvmA=="
    },
    "bootstrap-social": {
      "version": "5.1.1",
      "resolved": "https://registry.npmjs.org/bootstrap-social/-/bootstrap-social-5.1.1.tgz",
      "integrity": "sha1-dTDGeK31bPj60/qCwp1NPl0CdQE=",
      "dependencies": {
        "bootstrap": {
          "version": "3.4.1",
          "resolved": "https://registry.npmjs.org/bootstrap/-/bootstrap-3.4.1.tgz",
          "integrity": "sha512-yN5oZVmRCwe5aKwzRj6736nSmKDX7pLYwsXiCj/EYmo16hODaBiT4En5btW/jhBF/seV+XMx3aYwukYC3A49DA=="
        }
      }
    },
    "cssmin": {
      "version": "0.4.3",
      "resolved": "https://registry.npmjs.org/cssmin/-/cssmin-0.4.3.tgz",
      "integrity": "sha1-yRlAd+Dr2s1pHV9ZAVudgZ840BU=",
      "dev": true
    },
    "font-awesome": {
      "version": "4.7.0",
      "resolved": "https://registry.npmjs.org/font-awesome/-/font-awesome-4.7.0.tgz",
      "integrity": "sha1-j6jPBBGhoxr9B7BtKQK7n8gVoTM="
    },
    "gh-pages": {
      "version": "3.0.0",
      "resolved": "https://registry.npmjs.org/gh-pages/-/gh-pages-3.0.0.tgz",
      "integrity": "sha512-oaOfVcrSwnqoWUgZ6cmCDM6mUuWyOSG+SHjqxGBawN0F3SKaF5NwbeYDG+w2RNXO2HJ/5Iam4o7dP5NAtoHuwQ==",
      "dependencies": {
        "async": {
          "version": "2.6.3",
          "resolved": "https://registry.npmjs.org/async/-/async-2.6.3.tgz",
          "integrity": "sha512-zflvls11DCy+dQWzTW2dzuilv8Z5X/pjfmZOWba6TNIVDm+2UDaJmXSOXlasHKfNBs8oo3M0aT50fDEWfKZjXg=="
        },
        "fs-extra": {
          "version": "8.1.0",
          "resolved": "https://registry.npmjs.org/fs-extra/-/fs-extra-8.1.0.tgz",
          "integrity": "sha512-yhlQgA6mnOJUKOsRUFsgJdQCvkKhcz8tlZG5HBQfReYZy46OwLcY+Zia0mtdHsOo9y/hP+CxMN0TU9QxoOtG4g=="
        },
        "jsonfile": {
          "version": "4.0.0",
          "resolved": "https://registry.npmjs.org/jsonfile/-/jsonfile-4.0.0.tgz",
          "integrity": "sha1-h3Gq4HmbZAdrdmQPygWPnBDjPss="
        }
      }
    },
    "grunt": {
      "version": "1.0.2",
      "resolved": "https://registry.npmjs.org/grunt/-/grunt-1.0.2.tgz",
      "integrity": "sha1-TmpeaVtwRy/VME9fqeNCNoNqc7w=",
      "dev": true,
      "dependencies": {
        "glob": {
          "version": "7.0.6",
          "resolved": "https://registry.npmjs.org/glob/-/glob-7.0.6.tgz",
          "integrity": "sha1-IRuvr0nlJbjNkyYNFKsTYVKz9Xo="
        },
        "grunt-cli": {
          "version": "1.2.0",
          "resolved": "https://registry.npmjs.org/grunt-cli/-/grunt-cli-1.2.0.tgz",
          "integrity": "sha1-VisRnrsGndtGSs4oRVAb6Xs1tqg="
        },
        "resolve": {
          "version": "1.1.7",
          "resolved": "https://registry.npmjs.org/resolve/-/resolve-1.1.7.tgz",
          "integrity": "sha1-IDEU2CrSxe2ejgQRs5ModeiJ6Xs="
        },
        "rimraf": {
          "version": "2.2.8",
          "resolved": "https://registry.npmjs.org/rimraf/-/rimraf-2.2.8.tgz",
          "integrity": "sha1-5Dm+Kq7jJzIZUnMPmaiSnk/FBYI="
        }
      }
    },
    "grunt-browser-sync": {
      "version": "2.2.0",
      "resolved": "https://registry.npmjs.org/grunt-browser-sync/-/grunt-browser-sync-2.2.0.tgz",
      "integrity": "sha1-oOnB/RzLXEVMJexRcBE///BqR3I=",
      "dev": true
    },
    "grunt-contrib-clean": {
      "version": "1.1.0",
      "resolved": "https://registry.npmjs.org/grunt-contrib-clean/-/grunt-contrib-clean-1.1.0.tgz",
      "integrity": "sha1-Vkq/LQN4qYOhW54/MO51tzjEBjg=",
      "dev": true
    },
    "grunt-contrib-concat": {
      "version": "1.0.1",
      "resolved": "https://registry.npmjs.org/grunt-contrib-concat/-/grunt-contrib-concat-1.0.1.tgz",
      "integrity": "sha1-YVCYYwhOhx1+ht5IwBUlntl3Rb0=",
      "dev": true
    },
    "grunt-contrib-copy": {
      "version": "1.0.0",
      "resolved": "https://registry.npmjs.org/grunt-contrib-copy/-/grunt-contrib-copy-1.0.0.tgz",
      "integrity": "sha1-cGDGWB6QS4qw0A8HbgqPbj58NXM=",
      "dev": true
    },
    "grunt-contrib-cssmin": {
      "version": "2.2.1",
      "resolved": "https://registry.npmjs.org/grunt-contrib-cssmin/-/grunt-contrib-cssmin-2.2.1.tgz",
      "integrity": "sha512-IXNomhQ5ekVZbDbj/ik5YccoD9khU6LT2fDXqO1+/Txjq8cp0tQKjVS8i8EAbHOrSDkL7/UD6A7b+xj98gqh9w==",
      "dev": true,
      "dependencies": {
        "clean-css": {
          "version": "4.1.11",
          "resolved": "https://registry.npmjs.org/clean-css/-/clean-css-4.1.11.tgz",
          "integrity": "sha1-Ls3xRaujj1R0DybO/Q/z4D4SXWo="
        }
      }
    },
    "grunt-contrib-htmlmin": {
      "version": "2.4.0",
      "resolved": "https://registry.npmjs.org/grunt-contrib-htmlmin/-/grunt-contrib-htmlmin-2.4.0.tgz",
      "integrity": "sha1-afSYGRmeKsiRUrv4r6XtMhykj5k=",
      "dev": true
    },
    "grunt-contrib-imagemin": {
      "version": "2.0.1",
      "resolved": "https://registry.npmjs.org/grunt-contrib-imagemin/-/grunt-contrib-imagemin-2.0.1.tgz",
      "integrity": "sha512-91zBrvh350QSpsxyCTXni0djMXavF3elBmvFgnbp/2CgIx53QYe+Cvf2+wZmrcb8U0qp+MjHl0Ahjct4+R6PLQ==",
      "dev": true,
      "dependencies": {
        "plur": {
          "version": "2.1.2",
          "resolved": "https://registry.npmjs.org/plur/-/plur-2.1.2.tgz",
          "integrity": "sha1-dIJFLBoPUI4+NE6uwxLJHCncZVo="
        }
      }
    },
    "grunt-contrib-uglify": {
      "version": "3.3.0",
      "resolved": "https://registry.npmjs.org/grunt-contrib-uglify/-/grunt-contrib-uglify-3.3.0.tgz",
      "integrity": "sha512-W9O7lJE3PlD8VCc5fyaf98QV7f5wEDiU4PBIh0+/6UBbk2LhgzEFS0/p+taH5UD3+PlEn7QPN0o06Z0To6SqXw==",
      "dev": true,
      "dependencies": {
        "commander": {
          "version": "2.15.1",
          "resolved": "https://registry.npmjs.org/commander/-/commander-2.15.1.tgz",
          "integrity": "sha512-VlfT9F3V0v+jr4yxPc5gg9s62/fIVWsd2Bk2iD435um1NlGMYdVCq+MjcXnhYq2icNOizHr1kK+5TI6H0Hy0ag=="
        },
        "gzip-size": {
          "version": "1.0.0",
          "resolved": "https://registry.npmjs.org/gzip-size/-/gzip-size-1.0.0.tgz",
          "integrity": "sha1-Zs+LEBBHInuVus5uodoMF37Vwi8="
        },
        "maxmin": {
          "version": "1.1.0",
          "resolved": "https://registry.npmjs.org/maxmin/-/maxmin-1.1.0.tgz",
          "integrity": "sha1-cTZehKmd2Piz99X94vANHn9zvmE="
        },
        "pretty-bytes": {
          "version": "1.0.4",
          "resolved": "https://registry.npmjs.org/pretty-bytes/-/pretty-bytes-1.0.4.tgz",
          "integrity": "sha1-CiLoIQYJrTVUL4yNXSFZr/B1HIQ="
        },
        "source-map": {
          "version": "0.6.1",
          "resolved": "https://registry.npmjs.org/source-map/-/source-map-0.6.1.tgz",
          "integrity": "sha512-UjgapumWlbMhkBgzT7Ykc5YXUT46F0iKu8SGXq0bcwP5dz/h0Plj6enJqjz1Zbq2l5WaqYnrVbwWOWMyF3F47g=="
        },
        "uglify-js": {
          "version": "3.3.28",
          "resolved": "https://registry.npmjs.org/uglify-js/-/uglify-js-3.3.28.tgz",
          "integrity": "sha512-68Rc/aA6cswiaQ5SrE979UJcXX+ADA1z33/ZsPd+fbAiVdjZ16OXdbtGO+rJUUBgK6qdf3SOPhQf3K/ybF5Miw=="
        }
      }
    },
    "grunt-contrib-watch": {
      "version": "1.0.0",
      "resolved": "https://registry.npmjs.org/grunt-contrib-watch/-/grunt-contrib-watch-1.0.0.tgz",
      "integrity": "sha1-hKGnodar0m7VaEE0lscxM+mQAY8=",
      "dev": true,
      "dependencies": {
        "lodash": {
          "version": "3.10.1",
          "resolved": "https://registry.npmjs.org/lodash/-/lodash-3.10.1.tgz",
          "integrity": "sha1-W/Rejkm6QYnhfUgnid/RW9FAt7Y="
        }
      }
    },
    "grunt-filerev": {
      "version": "2.3.1",
      "resolved": "https://registry.npmjs.org/grunt-filerev/-/grunt-filerev-2.3.1.tgz",
      "integrity": "sha1-KZAhDwtantxecZiYf9HAKcbV9N8=",
      "dev": true,
      "dependencies": {
        "each-async": {
          "version": "0.1.3",
          "resolved": "https://registry.npmjs.org/each-async/-/each-async-0.1.3.tgz",
          "integrity": "sha1-tDYCWwjaL4ZggCVRnjCWdj3t/KM="
        }
      }
    },
    "grunt-sass": {
      "version": "2.1.0",
      "resolved": "https://registry.npmjs.org/grunt-sass/-/grunt-sass-2.1.0.tgz",
      "integrity": "sha512-XkexnQt/9rhReNd+Y7T0n/2g5FqYOQKfi2iSlpwDqvgs7EgEaGTxNhnWzHnbW5oNRvzL9AHopBG3AgRxL0d+DA==",
      "dev": true
    },
    "grunt-usemin": {
      "version": "3.1.1",
      "resolved": "https://registry.npmjs.org/grunt-usemin/-/grunt-usemin-3.1.1.tgz",
      "integrity": "sha1-WrZ5UQ1nLOpWbMcXq+i4oAn2QcI=",
      "dev": true,
      "dependencies": {
        "debug": {
          "version": "2.6.9",
          "resolved": "https://registry.npmjs.org/debug/-/debug-2.6.9.tgz",
          "integrity": "sha512-bC7ElrdJaJnPbAP+1EotYvqZsb3ecl5wi6Bfi6BJTUcNowp6cvspg0jXznRTKDjm/E7AdgFBVeAPVMNcKGsHMA=="
        },
        "lodash": {
          "version": "3.10.1",
          "resolved": "https://registry.npmjs.org/lodash/-/lodash-3.10.1.tgz",
          "integrity": "sha1-W/Rejkm6QYnhfUgnid/RW9FAt7Y="
        },
        "ms": {
          "version": "2.0.0",
          "resolved": "https://registry.npmjs.org/ms/-/ms-2.0.0.tgz",
          "integrity": "sha1-VgiurfwAvmwpAd9fmGF4jeDVl8g="
        },
        "path-exists": {
          "version": "1.0.0",
          "resolved": "https://registry.npmjs.org/path-exists/-/path-exists-1.0.0.tgz",
          "integrity": "sha1-1aiZjrce83p0w06w2eum6HjuoIE="
        }
      }
    },
    "htmlmin": {
      "version": "0.0.7",
      "resolved": "https://registry.npmjs.org/htmlmin/-/htmlmin-0.0.7.tgz",
      "integrity": "sha1-uHmIA3A5Prtt1AdDGcybUKIDVt8=",
      "dev": true,
      "dependencies": {
        "commander": {
          "version": "2.2.0",
          "resolved": "https://registry.npmjs.org/commander/-/commander-2.2.0.tgz",
          "integrity": "sha1-F1rUuTF/P/YV8gHB5XIk9Vo+kd8="
        }
      }
    },
    "jit-grunt": {
      "version": "0.10.0",
      "resolved": "https://registry.npmjs.org/jit-grunt/-/jit-grunt-0.10.0.tgz",
      "integrity": "sha1-AIw6f+Hpa9DYTiYOofoXg0V/ecI=",
      "dev": true
    },
    "jquery": {
      "version": "3.5.0",
      "resolved": "https://registry.npmjs.org/jquery/-/jquery-3.5.0.tgz",
      "integrity": "sha512-Xb7SVYMvygPxbFMpTFQiHh1J7HClEaThguL15N/Gg37Lri/qKyhRGZYzHRyLH8Stq3Aow0LsHO2O2ci86fCrNQ=="
    },
    "lite-server": {
      "version": "2.5.4",
      "resolved": "https://registry.npmjs.org/lite-server/-/lite-server-2.5.4.tgz",
      "integrity": "sha512-57SverS67UqRFiRm0ktdzEG5yZeyzkywRJ9Q8PHVSGuLm9K97Mr6jF43XTu5v9lVe8g0WHJ4eKlIeGSd1Bq/sw==",
      "dev": true
    },
    "node-sass": {
      "version": "4.14.1",
      "resolved": "https://registry.npmjs.org/node-sass/-/node-sass-4.14.1.tgz",
      "integrity": "sha512-sjCuOlvGyCJS40R8BscF5vhVlQjNN069NtQ1gSxyK1u9iqvn6tf7O1R4GNowVZfiZUCRt5MmMs1xd+4V/7Yr0g=="
    },
    "onchange": {
      "version": "7.0.2",
      "resolved": "https://registry.npmjs.org/onchange/-/onchange-7.0.2.tgz",
      "integrity": "sha512-pyJroR9gZKilbJtdGsuyxhFhwaeYSpYVle9hAORGJ5vQQH8n7QT+qWpncJTMEk9dlIXI9tOMjdJwbPaTSPTKFA==",
      "dev": true,
      "dependencies": {
        "anymatch": {
          "version": "3.1.1",
          "resolved": "https://registry.npmjs.org/anymatch/-/anymatch-3.1.1.tgz",
          "integrity": "sha512-mM8522psRCqzV+6LhomX5wgp25YVibjh8Wj23I5RPkPppSVSjyKD2A2mBJmWGa+KN7f2D6LNh9jkBCeyLktzjg=="
        },
        "binary-extensions": {
          "version": "2.0.0",
          "resolved": "https://registry.npmjs.org/binary-extensions/-/binary-extensions-2.0.0.tgz",
          "integrity": "sha512-Phlt0plgpIIBOGTT/ehfFnbNlfsDEiqmzE2KRXoX1bLIlir4X/MR+zSyBEkL05ffWgnRSf/DXv+WrUAVr93/ow=="
        },
        "braces": {
          "version": "3.0.2",
          "resolved": "https://registry.npmjs.org/braces/-/braces-3.0.2.tgz",
          "integrity": "sha512-b8um+L1RzM3WDSzvhm6gIz1yfTbBt6YTlcEKAvsmqCZZFw46z626lVj9j1yEPW33H5H+lBQpZMP1k8l+78Ha0A=="
        },
        "chokidar": {
          "version": "3.4.0",
          "resolved": "https://registry.npmjs.org/chokidar/-/chokidar-3.4.0.tgz",
          "integrity": "sha512-aXAaho2VJtisB/1fg1+3nlLJqGOuewTzQpd/Tz0yTg2R0e4IGtshYvtjowyEumcBv2z+y4+kc75Mz7j5xJskcQ=="
        },
        "cross-spawn": {
          "version": "7.0.2",
          "resolved": "https://registry.npmjs.org/cross-spawn/-/cross-spawn-7.0.2.tgz",
          "integrity": "sha512-PD6G8QG3S4FK/XCGFbEQrDqO2AnMMsy0meR7lerlIOHAAbkuavGU/pOqprrlvfTNjvowivTeBsjebAL0NSoMxw=="
        },
        "fill-range": {
          "version": "7.0.1",
          "resolved": "https://registry.npmjs.org/fill-range/-/fill-range-7.0.1.tgz",
          "integrity": "sha512-qOo9F+dMUmC2Lcb4BbVvnKJxTPjCm+RRpe4gDuGrzkL7mEVl/djYSu2OdQ2Pa302N4oqkSg9ir6jaLWJ2USVpQ=="
        },
        "fsevents": {
          "version": "2.1.3",
          "resolved": "https://registry.npmjs.org/fsevents/-/fsevents-2.1.3.tgz",
          "integrity": "sha512-Auw9a4AxqWpa9GUfj370BMPzzyncfBABW8Mab7BGWBYDj4Isgq+cDKtx0i6u9jcX9pQDnswsaaOTgTmA5pEjuQ=="
        },
        "glob-parent": {
          "version": "5.1.1",
          "resolved": "https://registry.npmjs.org/glob-parent/-/glob-parent-5.1.1.tgz",
          "integrity": "sha512-FnI+VGOpnlGHWZxthPGR+QhR78fuiK0sNLkHQv+bL9fQi57lNNdquIbna/WrfROrolq8GK5Ek6BiMwqL/voRYQ=="
        },
        "is-binary-path": {
          "version": "2.1.0",
          "resolved": "https://registry.npmjs.org/is-binary-path/-/is-binary-path-2.1.0.tgz",
          "integrity": "sha512-ZMERYes6pDydyuGidse7OsHxtbI7WVeUEozgR/g7rd0xUimYNlvZRE/K2MgZTjWy725IfelLeVcEM97mmtRGXw=="
        },
        "is-number": {
          "version": "7.0.0",
          "resolved": "https://registry.npmjs.org/is-number/-/is-number-7.0.0.tgz",
          "integrity": "sha512-41Cifkg6e8TylSpdtTpeLVMqvSBEVzTttHvERD741+pnZ8ANv0004MRL43QKPDlK9cGvNp6NZWZUBlbGXYxxng=="
        },
        "readdirp": {
          "version": "3.4.0",
          "resolved": "https://registry.npmjs.org/readdirp/-/readdirp-3.4.0.tgz",
          "integrity": "sha512-0xe001vZBnJEK+uKcj8qOhyAKPzIT+gStxWr3LCB0DwcXR5NZJ3IaC+yGnHCYzB/S7ov3m3EEbZI2zeNvX+hGQ=="
        },
        "to-regex-range": {
          "version": "5.0.1",
          "resolved": "https://registry.npmjs.org/to-regex-range/-/to-regex-range-5.0.1.tgz",
          "integrity": "sha512-65P7iz6X5yEr1cwcgvQxbbIw7Uk3gOy5dIdtZ4rDveLqhrdJP+Li/Hx6tyK0NEb+2GCyneCMJiGqrADCSNk8sQ=="
        },
        "which": {
          "version": "2.0.2",
          "resolved": "https://registry.npmjs.org/which/-/which-2.0.2.tgz",
          "integrity": "sha512-BLI3Tl1TW3Pvl70l3yq3Y64i+awpwXqsGBYWkkqMtnbXgrMD+yj7rhW0kuEDxzJaYXGjEW5ogapKNMEKNMjibA=="
        }
      }
    },
    "parallelshell": {
      "version": "3.0.1",
      "resolved": "https://registry.npmjs.org/parallelshell/-/parallelshell-3.0.1.tgz",
      "integrity": "sha512-xsSQGhJTFjbSW3WGsnSFTg1G17dcDU+gMH7bWxjAiy/3H579KPFbSp3fhkZ+jx2wcZuoav46nq+QVX0I0xPcyA==",
      "dev": true
    },
    "popper.js": {
      "version": "1.12.9",
      "resolved": "https://registry.npmjs.org/popper.js/-/popper.js-1.12.9.tgz",
      "integrity": "sha1-DfvC3/lsRRuzMu3Pz6r1ZtMx1bM="
    },
    "rimraf": {
      "version": "2.6.2",
      "resolved": "https://registry.npmjs.org/rimraf/-/rimraf-2.6.2.tgz",
      "integrity": "sha512-lreewLK/BlghmxtfH36YYVg1i8IAce4TI7oao75I1g245+6BctqTVQiBP3YUJ9C6DQOXJmkYR9X9fCLtCOJc5w==",
      "dev": true
    },
    "time-grunt": {
      "version": "1.4.0",
      "resolved": "https://registry.npmjs.org/time-grunt/-/time-grunt-1.4.0.tgz",
      "integrity": "sha1-BiIT5mDJB+hvRAVWwB6mWXtxJCA=",
      "dev": true
    },
    "uglifyjs": {
      "version": "2.4.11",
      "resolved": "https://registry.npmjs.org/uglifyjs/-/uglifyjs-2.4.11.tgz",
      "integrity": "sha1-NEDWTgRXWViVJEGOtkHGi7kNET4=",
      "dev": true
    },
    "usemin-cli": {
      "version": "0.5.1",
      "resolved": "https://registry.npmjs.org/usemin-cli/-/usemin-cli-0.5.1.tgz",
      "integrity": "sha1-0/+k7Ln5eqMxdgJH5SABkoAnWKU=",
      "dev": true,
      "dependencies": {
        "yargs": {
          "version": "6.6.0",
          "resolved": "https://registry.npmjs.org/yargs/-/yargs-6.6.0.tgz",
          "integrity": "sha1-eC7CHvQDNF+DCoCMo9UTr1YGUgg="
        }
      }
    }
  }
}
